
Microsoft Visual Studio Solution File, Format Version 12.00
# Visual Studio Version 16
VisualStudioVersion = 16.0.30011.22
MinimumVisualStudioVersion = 10.0.40219.1
Project("{151D2E53-A2C4-4D7D-83FE-D05416EBD58E}") = "SamplePaaSWithBuldAgent", "SamplePaaSWithBuldAgent\SamplePaaSWithBuldAgent.deployproj", "{211B5FA3-F980-429B-9E79-E53885BAA9EF}"
EndProject
Global
	GlobalSection(SolutionConfigurationPlatforms) = preSolution
		Debug|Any CPU = Debug|Any CPU
		Release|Any CPU = Release|Any CPU
	EndGlobalSection
	GlobalSection(ProjectConfigurationPlatforms) = postSolution
		{211B5FA3-F980-429B-9E79-E53885BAA9EF}.Debug|Any CPU.ActiveCfg = Debug|Any CPU
		{211B5FA3-F980-429B-9E79-E53885BAA9EF}.Debug|Any CPU.Build.0 = Debug|Any CPU
		{211B5FA3-F980-429B-9E79-E53885BAA9EF}.Release|Any CPU.ActiveCfg = Release|Any CPU
		{211B5FA3-F980-429B-9E79-E53885BAA9EF}.Release|Any CPU.Build.0 = Release|Any CPU
	EndGlobalSection
	GlobalSection(SolutionProperties) = preSolution
		HideSolutionNode = FALSE
	EndGlobalSection
	GlobalSection(ExtensibilityGlobals) = postSolution
		SolutionGuid = {3ED289F5-47A4-4A7D-BFF3-898442D30DB4}
	EndGlobalSection
EndGlobal
